
Microsoft Visual Studio Solution File, Format Version 12.00
# Visual Studio Version 17
VisualStudioVersion = 17.0.31903.59
MinimumVisualStudioVersion = 10.0.40219.1
Project("{2150E333-8FDC-42A3-9474-1A3956D46DE8}") = "src", "src", "{827E0CD3-B72D-47B6-A68D-7590B98EB39B}"
EndProject
Project("{FAE04EC0-301F-11D3-BF4B-00C04F79EFBC}") = "Api", "src\Api\Api.csproj", "{5023F8CB-9AEB-4E84-9048-30412FB06579}"
EndProject
Project("{FAE04EC0-301F-11D3-BF4B-00C04F79EFBC}") = "Application", "src\Application\Application.csproj", "{31B0308F-71F6-4F5A-8356-349FC6D865FF}"
EndProject
Project("{FAE04EC0-301F-11D3-BF4B-00C04F79EFBC}") = "Domain", "src\Domain\Domain.csproj", "{9CDC6E3D-FAC6-40B7-9DB8-A00A27B3806D}"
EndProject
Project("{2150E333-8FDC-42A3-9474-1A3956D46DE8}") = "tests", "tests", "{0AB3BF05-4346-4AA6-1389-037BE0695223}"
EndProject
Project("{FAE04EC0-301F-11D3-BF4B-00C04F79EFBC}") = "DragonBall.Tests", "tests\DragonBall.Tests\DragonBall.Tests.csproj", "{69FA4C85-BAD1-42DA-84B5-B5FDE3D55C12}"
EndProject
Global
	GlobalSection(SolutionConfigurationPlatforms) = preSolution
		Debug|Any CPU = Debug|Any CPU
		Debug|x64 = Debug|x64
		Debug|x86 = Debug|x86
		Release|Any CPU = Release|Any CPU
		Release|x64 = Release|x64
		Release|x86 = Release|x86
	EndGlobalSection
	GlobalSection(ProjectConfigurationPlatforms) = postSolution
		{5023F8CB-9AEB-4E84-9048-30412FB06579}.Debug|Any CPU.ActiveCfg = Debug|Any CPU
		{5023F8CB-9AEB-4E84-9048-30412FB06579}.Debug|Any CPU.Build.0 = Debug|Any CPU
		{5023F8CB-9AEB-4E84-9048-30412FB06579}.Debug|x64.ActiveCfg = Debug|Any CPU
		{5023F8CB-9AEB-4E84-9048-30412FB06579}.Debug|x64.Build.0 = Debug|Any CPU
		{5023F8CB-9AEB-4E84-9048-30412FB06579}.Debug|x86.ActiveCfg = Debug|Any CPU
		{5023F8CB-9AEB-4E84-9048-30412FB06579}.Debug|x86.Build.0 = Debug|Any CPU
		{5023F8CB-9AEB-4E84-9048-30412FB06579}.Release|Any CPU.ActiveCfg = Release|Any CPU
		{5023F8CB-9AEB-4E84-9048-30412FB06579}.Release|Any CPU.Build.0 = Release|Any CPU
		{5023F8CB-9AEB-4E84-9048-30412FB06579}.Release|x64.ActiveCfg = Release|Any CPU
		{5023F8CB-9AEB-4E84-9048-30412FB06579}.Release|x64.Build.0 = Release|Any CPU
		{5023F8CB-9AEB-4E84-9048-30412FB06579}.Release|x86.ActiveCfg = Release|Any CPU
		{5023F8CB-9AEB-4E84-9048-30412FB06579}.Release|x86.Build.0 = Release|Any CPU
		{31B0308F-71F6-4F5A-8356-349FC6D865FF}.Debug|Any CPU.ActiveCfg = Debug|Any CPU
		{31B0308F-71F6-4F5A-8356-349FC6D865FF}.Debug|Any CPU.Build.0 = Debug|Any CPU
		{31B0308F-71F6-4F5A-8356-349FC6D865FF}.Debug|x64.ActiveCfg = Debug|Any CPU
		{31B0308F-71F6-4F5A-8356-349FC6D865FF}.Debug|x64.Build.0 = Debug|Any CPU
		{31B0308F-71F6-4F5A-8356-349FC6D865FF}.Debug|x86.ActiveCfg = Debug|Any CPU
		{31B0308F-71F6-4F5A-8356-349FC6D865FF}.Debug|x86.Build.0 = Debug|Any CPU
		{31B0308F-71F6-4F5A-8356-349FC6D865FF}.Release|Any CPU.ActiveCfg = Release|Any CPU
		{31B0308F-71F6-4F5A-8356-349FC6D865FF}.Release|Any CPU.Build.0 = Release|Any CPU
		{31B0308F-71F6-4F5A-8356-349FC6D865FF}.Release|x64.ActiveCfg = Release|Any CPU
		{31B0308F-71F6-4F5A-8356-349FC6D865FF}.Release|x64.Build.0 = Release|Any CPU
		{31B0308F-71F6-4F5A-8356-349FC6D865FF}.Release|x86.ActiveCfg = Release|Any CPU
		{31B0308F-71F6-4F5A-8356-349FC6D865FF}.Release|x86.Build.0 = Release|Any CPU
		{9CDC6E3D-FAC6-40B7-9DB8-A00A27B3806D}.Debug|Any CPU.ActiveCfg = Debug|Any CPU
		{9CDC6E3D-FAC6-40B7-9DB8-A00A27B3806D}.Debug|Any CPU.Build.0 = Debug|Any CPU
		{9CDC6E3D-FAC6-40B7-9DB8-A00A27B3806D}.Debug|x64.ActiveCfg = Debug|Any CPU
		{9CDC6E3D-FAC6-40B7-9DB8-A00A27B3806D}.Debug|x64.Build.0 = Debug|Any CPU
		{9CDC6E3D-FAC6-40B7-9DB8-A00A27B3806D}.Debug|x86.ActiveCfg = Debug|Any CPU
		{9CDC6E3D-FAC6-40B7-9DB8-A00A27B3806D}.Debug|x86.Build.0 = Debug|Any CPU
		{9CDC6E3D-FAC6-40B7-9DB8-A00A27B3806D}.Release|Any CPU.ActiveCfg = Release|Any CPU
		{9CDC6E3D-FAC6-40B7-9DB8-A00A27B3806D}.Release|Any CPU.Build.0 = Release|Any CPU
		{9CDC6E3D-FAC6-40B7-9DB8-A00A27B3806D}.Release|x64.ActiveCfg = Release|Any CPU
		{9CDC6E3D-FAC6-40B7-9DB8-A00A27B3806D}.Release|x64.Build.0 = Release|Any CPU
		{9CDC6E3D-FAC6-40B7-9DB8-A00A27B3806D}.Release|x86.ActiveCfg = Release|Any CPU
		{9CDC6E3D-FAC6-40B7-9DB8-A00A27B3806D}.Release|x86.Build.0 = Release|Any CPU
		{69FA4C85-BAD1-42DA-84B5-B5FDE3D55C12}.Debug|Any CPU.ActiveCfg = Debug|Any CPU
		{69FA4C85-BAD1-42DA-84B5-B5FDE3D55C12}.Debug|Any CPU.Build.0 = Debug|Any CPU
		{69FA4C85-BAD1-42DA-84B5-B5FDE3D55C12}.Debug|x64.ActiveCfg = Debug|Any CPU
		{69FA4C85-BAD1-42DA-84B5-B5FDE3D55C12}.Debug|x64.Build.0 = Debug|Any CPU
		{69FA4C85-BAD1-42DA-84B5-B5FDE3D55C12}.Debug|x86.ActiveCfg = Debug|Any CPU
		{69FA4C85-BAD1-42DA-84B5-B5FDE3D55C12}.Debug|x86.Build.0 = Debug|Any CPU
		{69FA4C85-BAD1-42DA-84B5-B5FDE3D55C12}.Release|Any CPU.ActiveCfg = Release|Any CPU
		{69FA4C85-BAD1-42DA-84B5-B5FDE3D55C12}.Release|Any CPU.Build.0 = Release|Any CPU
		{69FA4C85-BAD1-42DA-84B5-B5FDE3D55C12}.Release|x64.ActiveCfg = Release|Any CPU
		{69FA4C85-BAD1-42DA-84B5-B5FDE3D55C12}.Release|x64.Build.0 = Release|Any CPU
		{69FA4C85-BAD1-42DA-84B5-B5FDE3D55C12}.Release|x86.ActiveCfg = Release|Any CPU
		{69FA4C85-BAD1-42DA-84B5-B5FDE3D55C12}.Release|x86.Build.0 = Release|Any CPU
	EndGlobalSection
	GlobalSection(SolutionProperties) = preSolution
		HideSolutionNode = FALSE
	EndGlobalSection
	GlobalSection(NestedProjects) = preSolution
		{5023F8CB-9AEB-4E84-9048-30412FB06579} = {827E0CD3-B72D-47B6-A68D-7590B98EB39B}
		{31B0308F-71F6-4F5A-8356-349FC6D865FF} = {827E0CD3-B72D-47B6-A68D-7590B98EB39B}
		{9CDC6E3D-FAC6-40B7-9DB8-A00A27B3806D} = {827E0CD3-B72D-47B6-A68D-7590B98EB39B}
		{69FA4C85-BAD1-42DA-84B5-B5FDE3D55C12} = {0AB3BF05-4346-4AA6-1389-037BE0695223}
	EndGlobalSection
EndGlobal
